
Microsoft Visual Studio Solution File, Format Version 12.00
# Visual Studio 14
VisualStudioVersion = 14.0.23107.0
MinimumVisualStudioVersion = 10.0.40219.1
Project("{FAE04EC0-301F-11D3-BF4B-00C04F79EFBC}") = "br.com.Chronos.Entidade", "br.com.Chronos.Entidade\br.com.Chronos.Entidade.csproj", "{4F7181DD-4309-4EA1-A156-5057A499CD5A}"
EndProject
Project("{FAE04EC0-301F-11D3-BF4B-00C04F79EFBC}") = "br.com.Chronos.Negocio", "br.com.Chronos.Negocio\br.com.Chronos.Negocio.csproj", "{9FE52DAE-8AFB-4545-B1F8-62410CBA4604}"
EndProject
Project("{FAE04EC0-301F-11D3-BF4B-00C04F79EFBC}") = "br.com.Chronos.FakeRepositorio", "br.com.Chronos.FakeRepositorio\br.com.Chronos.FakeRepositorio.csproj", "{FF3D5FA7-E77B-4E94-8585-9ECF03F09C65}"
EndProject
Project("{FAE04EC0-301F-11D3-BF4B-00C04F79EFBC}") = "br.com.Chronos.TestesUnitarios", "br.com.Chronos.TestesUnitarios\br.com.Chronos.TestesUnitarios.csproj", "{5A79CDD5-74E7-41CA-BBA1-966B023BFC83}"
EndProject
Project("{FAE04EC0-301F-11D3-BF4B-00C04F79EFBC}") = "br.com.Chronos.AcessoDados", "br.com.Chronos.AcessoDados\br.com.Chronos.AcessoDados.csproj", "{3433B7D0-B648-485A-9F63-C78E150EEC42}"
EndProject
Project("{FAE04EC0-301F-11D3-BF4B-00C04F79EFBC}") = "br.com.Chronos.WebUI", "br.com.Chronos.WebUI\br.com.Chronos.WebUI.csproj", "{05D5E7CE-20EB-41E7-A59B-DC815D60D650}"
EndProject
Project("{FAE04EC0-301F-11D3-BF4B-00C04F79EFBC}") = "br.com.Chronos.DependencyInjection", "br.com.Chronos.DependencyInjection\br.com.Chronos.DependencyInjection.csproj", "{86F2D8B8-FA18-4973-BA99-8AE84138EBCB}"
EndProject
Project("{FAE04EC0-301F-11D3-BF4B-00C04F79EFBC}") = "br.com.Chronos.Idioma", "br.com.Chronos.Idioma\br.com.Chronos.Idioma.csproj", "{6CEE7E52-0171-4267-82FE-67BDA00068BC}"
EndProject
Global
	GlobalSection(SolutionConfigurationPlatforms) = preSolution
		Debug|Any CPU = Debug|Any CPU
		Release|Any CPU = Release|Any CPU
	EndGlobalSection
	GlobalSection(ProjectConfigurationPlatforms) = postSolution
		{4F7181DD-4309-4EA1-A156-5057A499CD5A}.Debug|Any CPU.ActiveCfg = Debug|Any CPU
		{4F7181DD-4309-4EA1-A156-5057A499CD5A}.Debug|Any CPU.Build.0 = Debug|Any CPU
		{4F7181DD-4309-4EA1-A156-5057A499CD5A}.Release|Any CPU.ActiveCfg = Release|Any CPU
		{4F7181DD-4309-4EA1-A156-5057A499CD5A}.Release|Any CPU.Build.0 = Release|Any CPU
		{9FE52DAE-8AFB-4545-B1F8-62410CBA4604}.Debug|Any CPU.ActiveCfg = Debug|Any CPU
		{9FE52DAE-8AFB-4545-B1F8-62410CBA4604}.Debug|Any CPU.Build.0 = Debug|Any CPU
		{9FE52DAE-8AFB-4545-B1F8-62410CBA4604}.Release|Any CPU.ActiveCfg = Release|Any CPU
		{9FE52DAE-8AFB-4545-B1F8-62410CBA4604}.Release|Any CPU.Build.0 = Release|Any CPU
		{FF3D5FA7-E77B-4E94-8585-9ECF03F09C65}.Debug|Any CPU.ActiveCfg = Debug|Any CPU
		{FF3D5FA7-E77B-4E94-8585-9ECF03F09C65}.Debug|Any CPU.Build.0 = Debug|Any CPU
		{FF3D5FA7-E77B-4E94-8585-9ECF03F09C65}.Release|Any CPU.ActiveCfg = Release|Any CPU
		{FF3D5FA7-E77B-4E94-8585-9ECF03F09C65}.Release|Any CPU.Build.0 = Release|Any CPU
		{5A79CDD5-74E7-41CA-BBA1-966B023BFC83}.Debug|Any CPU.ActiveCfg = Debug|Any CPU
		{5A79CDD5-74E7-41CA-BBA1-966B023BFC83}.Debug|Any CPU.Build.0 = Debug|Any CPU
		{5A79CDD5-74E7-41CA-BBA1-966B023BFC83}.Release|Any CPU.ActiveCfg = Release|Any CPU
		{5A79CDD5-74E7-41CA-BBA1-966B023BFC83}.Release|Any CPU.Build.0 = Release|Any CPU
		{3433B7D0-B648-485A-9F63-C78E150EEC42}.Debug|Any CPU.ActiveCfg = Debug|Any CPU
		{3433B7D0-B648-485A-9F63-C78E150EEC42}.Debug|Any CPU.Build.0 = Debug|Any CPU
		{3433B7D0-B648-485A-9F63-C78E150EEC42}.Release|Any CPU.ActiveCfg = Release|Any CPU
		{3433B7D0-B648-485A-9F63-C78E150EEC42}.Release|Any CPU.Build.0 = Release|Any CPU
		{05D5E7CE-20EB-41E7-A59B-DC815D60D650}.Debug|Any CPU.ActiveCfg = Debug|Any CPU
		{05D5E7CE-20EB-41E7-A59B-DC815D60D650}.Debug|Any CPU.Build.0 = Debug|Any CPU
		{05D5E7CE-20EB-41E7-A59B-DC815D60D650}.Release|Any CPU.ActiveCfg = Release|Any CPU
		{05D5E7CE-20EB-41E7-A59B-DC815D60D650}.Release|Any CPU.Build.0 = Release|Any CPU
		{86F2D8B8-FA18-4973-BA99-8AE84138EBCB}.Debug|Any CPU.ActiveCfg = Debug|Any CPU
		{86F2D8B8-FA18-4973-BA99-8AE84138EBCB}.Debug|Any CPU.Build.0 = Debug|Any CPU
		{86F2D8B8-FA18-4973-BA99-8AE84138EBCB}.Release|Any CPU.ActiveCfg = Release|Any CPU
		{86F2D8B8-FA18-4973-BA99-8AE84138EBCB}.Release|Any CPU.Build.0 = Release|Any CPU
		{6CEE7E52-0171-4267-82FE-67BDA00068BC}.Debug|Any CPU.ActiveCfg = Debug|Any CPU
		{6CEE7E52-0171-4267-82FE-67BDA00068BC}.Debug|Any CPU.Build.0 = Debug|Any CPU
		{6CEE7E52-0171-4267-82FE-67BDA00068BC}.Release|Any CPU.ActiveCfg = Release|Any CPU
		{6CEE7E52-0171-4267-82FE-67BDA00068BC}.Release|Any CPU.Build.0 = Release|Any CPU
	EndGlobalSection
	GlobalSection(SolutionProperties) = preSolution
		HideSolutionNode = FALSE
	EndGlobalSection
EndGlobal
